
Microsoft Visual Studio Solution File, Format Version 12.00
# Visual Studio Version 17
VisualStudioVersion = 17.7.34221.43
MinimumVisualStudioVersion = 10.0.40219.1
Project("{FAE04EC0-301F-11D3-BF4B-00C04F79EFBC}") = "AQMDCore.Api", "AQMDCore.Api.csproj", "{3A59BE11-837B-4C67-B550-BC648E9D6D3C}"
EndProject
Project("{FAE04EC0-301F-11D3-BF4B-00C04F79EFBC}") = "AQMDCore.DataAccess", "..\AQMDCore.DataAccess\AQMDCore.DataAccess.csproj", "{017E8A6F-5DEB-42F4-9861-FCCAE70C921D}"
EndProject
Project("{FAE04EC0-301F-11D3-BF4B-00C04F79EFBC}") = "AQMDCore.DataModels", "..\AQMDCore.DataModels\AQMDCore.DataModels.csproj", "{2C3B7458-3089-4888-A01C-5FDB9D10E4EF}"
EndProject
Global
	GlobalSection(SolutionConfigurationPlatforms) = preSolution
		Debug|Any CPU = Debug|Any CPU
		Release|Any CPU = Release|Any CPU
	EndGlobalSection
	GlobalSection(ProjectConfigurationPlatforms) = postSolution
		{3A59BE11-837B-4C67-B550-BC648E9D6D3C}.Debug|Any CPU.ActiveCfg = Debug|Any CPU
		{3A59BE11-837B-4C67-B550-BC648E9D6D3C}.Debug|Any CPU.Build.0 = Debug|Any CPU
		{3A59BE11-837B-4C67-B550-BC648E9D6D3C}.Release|Any CPU.ActiveCfg = Release|Any CPU
		{3A59BE11-837B-4C67-B550-BC648E9D6D3C}.Release|Any CPU.Build.0 = Release|Any CPU
		{017E8A6F-5DEB-42F4-9861-FCCAE70C921D}.Debug|Any CPU.ActiveCfg = Debug|Any CPU
		{017E8A6F-5DEB-42F4-9861-FCCAE70C921D}.Debug|Any CPU.Build.0 = Debug|Any CPU
		{017E8A6F-5DEB-42F4-9861-FCCAE70C921D}.Release|Any CPU.ActiveCfg = Release|Any CPU
		{017E8A6F-5DEB-42F4-9861-FCCAE70C921D}.Release|Any CPU.Build.0 = Release|Any CPU
		{2C3B7458-3089-4888-A01C-5FDB9D10E4EF}.Debug|Any CPU.ActiveCfg = Debug|Any CPU
		{2C3B7458-3089-4888-A01C-5FDB9D10E4EF}.Debug|Any CPU.Build.0 = Debug|Any CPU
		{2C3B7458-3089-4888-A01C-5FDB9D10E4EF}.Release|Any CPU.ActiveCfg = Release|Any CPU
		{2C3B7458-3089-4888-A01C-5FDB9D10E4EF}.Release|Any CPU.Build.0 = Release|Any CPU
	EndGlobalSection
	GlobalSection(SolutionProperties) = preSolution
		HideSolutionNode = FALSE
	EndGlobalSection
	GlobalSection(ExtensibilityGlobals) = postSolution
		SolutionGuid = {06012D28-6652-4AFF-BD19-058C83BFFB60}
	EndGlobalSection
EndGlobal
